
Microsoft Visual Studio Solution File, Format Version 12.00
# Visual Studio Version 17
VisualStudioVersion = 17.9.34701.34
MinimumVisualStudioVersion = 10.0.40219.1
Project("{FAE04EC0-301F-11D3-BF4B-00C04F79EFBC}") = "KTGK_Nhom1", "KTGK_Nhom1\KTGK_Nhom1.csproj", "{5243D531-80AD-4EBF-AD81-E4D4F4B5A5D5}"
EndProject
Global
	GlobalSection(SolutionConfigurationPlatforms) = preSolution
		Debug|Any CPU = Debug|Any CPU
		Release|Any CPU = Release|Any CPU
	EndGlobalSection
	GlobalSection(ProjectConfigurationPlatforms) = postSolution
		{5243D531-80AD-4EBF-AD81-E4D4F4B5A5D5}.Debug|Any CPU.ActiveCfg = Debug|Any CPU
		{5243D531-80AD-4EBF-AD81-E4D4F4B5A5D5}.Debug|Any CPU.Build.0 = Debug|Any CPU
		{5243D531-80AD-4EBF-AD81-E4D4F4B5A5D5}.Release|Any CPU.ActiveCfg = Release|Any CPU
		{5243D531-80AD-4EBF-AD81-E4D4F4B5A5D5}.Release|Any CPU.Build.0 = Release|Any CPU
	EndGlobalSection
	GlobalSection(SolutionProperties) = preSolution
		HideSolutionNode = FALSE
	EndGlobalSection
	GlobalSection(ExtensibilityGlobals) = postSolution
		SolutionGuid = {93CC603E-DC1E-479A-B51D-381CE2DF54D6}
	EndGlobalSection
EndGlobal
